{
    "_meta": {
        "hash": {
            "sha256": "be7ce8c911643686daf91402f78a18d03a1585e4b63856e8f9ccce1767dc356c"
        },
        "pipfile-spec": 6,
        "requires": {
            "python_version": "3.6"
        },
        "sources": [
            {
                "name": "pypi",
                "url": "https://pypi.org/simple",
                "verify_ssl": true
            }
        ]
    },
    "default": {
        "beautifulsoup4": {
            "hashes": [
                "sha256:11a9a27b7d3bddc6d86f59fb76afb70e921a25ac2d6cc55b40d072bd68435a76",
                "sha256:7015e76bf32f1f574636c4288399a6de66ce08fb7b2457f628a8d70c0fbabb11",
                "sha256:808b6ac932dccb0a4126558f7dfdcf41710dd44a4ef497a0bb59a77f9f078e89"
            ],
            "version": "==4.6.0"
        },
        "certifi": {
            "hashes": [
                "sha256:339dc09518b07e2fa7eda5450740925974815557727d6bd35d319c1524a04a4c",
                "sha256:6d58c986d22b038c8c0df30d639f23a3e6d172a05c3583e766f4c0b785c0986a"
            ],
            "version": "==2018.10.15"
        },
        "chardet": {
            "hashes": [
                "sha256:84ab92ed1c4d4f16916e05906b6b75a6c0fb5db821cc65e70cbd64a3e2a5eaae",
                "sha256:fc323ffcaeaed0e0a02bf4d117757b98aed530d9ed4531e3e15460124c106691"
            ],
            "version": "==3.0.4"
        },
        "click": {
            "hashes": [
                "sha256:2335065e6395b9e67ca716de5f7526736bfa6ceead690adf616d925bdc622b13",
                "sha256:5b94b49521f6456670fdb30cd82a4eca9412788a93fa6dd6df72c94d5a8ff2d7"
            ],
            "version": "==7.0"
        },
        "concurrentloghandler": {
            "hashes": [
                "sha256:4ccae08b7f9b3257de35f847e2de8629c00c2075f8ce66db8ed06d7657e2eeae",
                "sha256:5d199eecc23751ab1f705826660f733c1090f62789f3e3c44296e706fc75b547",
                "sha256:8225a590fd4194c413fa26675bde5f6b80ad79e4182d5876ba3e264f77755918",
                "sha256:aa608aa0ce32d86d2061dec91cd58a2a367f97110851529d2aa6ebf96d9dcd4d"
            ],
            "index": "pypi",
            "version": "==0.9.1"
        },
        "dj-database-url": {
            "hashes": [
                "sha256:4aeaeb1f573c74835b0686a2b46b85990571159ffc21aa57ecd4d1e1cb334163",
                "sha256:851785365761ebe4994a921b433062309eb882fedd318e1b0fcecc607ed02da9"
            ],
            "index": "pypi",
            "version": "==0.5.0"
        },
        "django": {
            "hashes": [
                "sha256:29268cc47816a44f27308e60f71da635f549c47d8a1d003b28de55141df75791",
                "sha256:37f5876c1fbfd66085001f4c06fa0bf96ef05442c53daf8d4294b6f29e7fa6b8"
            ],
            "index": "pypi",
            "version": "==1.11.16"
        },
        "django-anymail": {
            "hashes": [
                "sha256:845edd136d9945972c507fa4d975286904bf5cb9da137925a0e44fd93caed875",
                "sha256:8a845b6daf398e266b323c551a087d61f08215119e67acb4b496843afe301988"
            ],
            "index": "pypi",
            "version": "==5.0"
        },
        "django-appconf": {
            "hashes": [
                "sha256:6a4d9aea683b4c224d97ab8ee11ad2d29a37072c0c6c509896dd9857466fb261",
                "sha256:ddab987d14b26731352c01ee69c090a4ebfc9141ed223bef039d79587f22acd9"
            ],
            "version": "==1.0.2"
        },
        "django-compressor": {
            "hashes": [
                "sha256:7732676cfb9d58498dfb522b036f75f3f253f72ea1345ac036434fdc418c2e57",
                "sha256:9616570e5b08e92fa9eadc7a1b1b49639cce07ef392fc27c74230ab08075b30f"
            ],
            "version": "==2.2"
        },
        "django-el-pagination": {
            "hashes": [
                "sha256:4ef652f65350b754028f0c23d72dcd60461215b589f269bc23f78ee00b96d0f8"
            ],
            "version": "==3.2.4"
        },
        "django-libsass": {
            "hashes": [
                "sha256:49db3334b87e1f7955c4f9fb9945bc296f8bfd27a14d6d89706e4b0e5dc5de1c"
            ],
            "index": "pypi",
            "version": "==0.7"
        },
        "django-modelcluster": {
            "hashes": [
                "sha256:9edde7fb87b413c1114df47f928e95fbd6878de17f9f2caeea90e77766e272b5"
            ],
            "version": "==3.1"
        },
        "django-redis": {
            "hashes": [
                "sha256:15b47faef6aefaa3f47135a2aeb67372da300e4a4cf06809c66ab392686a2155",
                "sha256:a90343c33a816073b735f0bed878eaeec4f83b75fcc0dce2432189b8ea130424"
            ],
            "index": "pypi",
            "version": "==4.9.0"
        },
        "django-taggit": {
            "hashes": [
                "sha256:58aa3e59e0643446e102523f22d137300298e2a537b1c5b0c310d99143f2c2b8",
                "sha256:fd13e304ba37ff09e601c4797d893fb7d3e699a789b5afb0b09d686f94470441"
            ],
            "version": "==0.22.2"
        },
        "django-treebeard": {
            "hashes": [
                "sha256:c21db06a8d4943bf2a28d9d7a119058698fb76116df2679ecbf15a46a501de42"
            ],
            "version": "==4.3"
        },
        "djangorestframework": {
            "hashes": [
                "sha256:0f9bfbac702f3376dfb2db4971ad8af4e066bfa35393b1b85e085f7e8b91189a",
                "sha256:de8ac68b3cf6dd41b98e01dcc92dc0022a5958f096eafc181a17fa975d18ca42"
            ],
            "version": "==3.6.4"
        },
        "elasticsearch": {
            "hashes": [
                "sha256:bb8f9a365ba6650d599428538c8aed42033264661d8f7d353da59d5892305f72",
                "sha256:fead47ebfcaabd1c53dbfc21403eb99ac207eef76de8002fe11a1c8ec9589ce2"
            ],
            "index": "pypi",
            "version": "==2.4.1"
        },
        "guess-language-spirit": {
            "hashes": [
                "sha256:a9b20470246bbfd1b69b055ff6459e05aa8cb5f1f1d8481350819cd7680792cc"
            ],
            "index": "pypi",
            "version": "==0.5.3"
        },
        "gunicorn": {
            "hashes": [
                "sha256:aa8e0b40b4157b36a5df5e599f45c9c76d6af43845ba3b3b0efe2c70473c2471",
                "sha256:fa2662097c66f920f53f70621c6c58ca4a3c4d3434205e608e121b5b3b71f4f3"
            ],
            "index": "pypi",
            "version": "==19.9.0"
        },
        "html5lib": {
            "hashes": [
                "sha256:b8934484cf22f1db684c0fae27569a0db404d0208d20163fbf51cc537245d008",
                "sha256:ee747c0ffd3028d2722061936b5c65ee4fe13c8e4613519b4447123fc4546298"
            ],
            "version": "==0.999999999"
        },
        "humanize": {
            "hashes": [
                "sha256:a43f57115831ac7c70de098e6ac46ac13be00d69abbf60bdcac251344785bb19"
            ],
            "version": "==0.5.1"
        },
        "idna": {
            "hashes": [
                "sha256:156a6814fb5ac1fc6850fb002e0852d56c0c8d2531923a51032d1b70760e186e",
                "sha256:684a38a6f903c1d71d6d5fac066b58d7768af4de2b832e426ec79c30daa94a16"
            ],
            "version": "==2.7"
        },
        "libsass": {
            "hashes": [
                "sha256:2313f0e82de034eea59443c8f69420c60c55f7c07fd3b59ea7e7a108b36e9d86",
                "sha256:81d63f915d12bbff9931beac3eb6e20c17c40a0da06c3f0173bbacd6568c302c",
                "sha256:8731fb9b4d3151b82d46a4495c8e2b322705cacbcb963c4bfe51d8a5a0c016e7",
                "sha256:938518d827905c83d774a190cc6257b8183edea577485c20de7d49af5ccbeea6",
                "sha256:95109c996ea5cf598344971e7c50847930f1d5dc110b4fc989c047d3b63c0c92",
                "sha256:99d952ac9315af4494eedb1c38e13a16c7c49a6ca056262353e9433f086a1fe3",
                "sha256:9c87df48b541276cc8b03316ab558b4019f16e158786923950926a6ce756124a",
                "sha256:9f740659ec137cafbfd2298e77f21ceb1e40d30c578bd047e55e09da9220048e",
                "sha256:a1315327c134d5ec8f90b4185e1ff2369be0108733f1be0c2ae8ba629c514ef1",
                "sha256:bcbbb4fdd3117e00dc43594fe7e3b10fe17ada8932734287b2680fca18e118c9",
                "sha256:daa7ea2b3b24585cff907320d071992ffea3ba36c4523f90798f27d1c4a9ef66",
                "sha256:e0046d841469df8f578d7bbeb6859502cd4b09b9d559451a35392256423559ea",
                "sha256:e39800d946b9b11d956f02e158eeb85b86ae5b801e63c335f83609d2811b643a"
            ],
            "index": "pypi",
            "version": "==0.15.1"
        },
        "pillow": {
            "hashes": [
                "sha256:00203f406818c3f45d47bb8fe7e67d3feddb8dcbbd45a289a1de7dd789226360",
                "sha256:0616f800f348664e694dddb0b0c88d26761dd5e9f34e1ed7b7a7d2da14b40cb7",
                "sha256:091136f2a37e9ed6bd8ce96fbf5269199ba6edee490d64de7ac934316f31ecca",
                "sha256:0d67ae9a5937b1348fa1d97c7dcb6b56aaef828ca6655298e96f2f3114ad829d",
                "sha256:0e1aaddd00ee9014fe7a61b9da61427233fcd7c7f193b5efd6689e0ec36bc42f",
                "sha256:1f7908aab90c92ad85af9d2fec5fc79456a89b3adcc26314d2cde0e238bd789e",
                "sha256:2ea3517cd5779843de8a759c2349a3cd8d3893e03ab47053b66d5ec6f8bc4f93",
                "sha256:39b662f65a067709a62943003c1e807d140e7fcf631fcfc66ebe905f8149b9f4",
                "sha256:3ddc19447cf42ef3ec564ab7ebbd4f67838ba9816d739befe29dd70149c775bd",
                "sha256:48a9f0538c91fc136b3a576bee0e7cd174773dc9920b310c21dcb5519722e82c",
                "sha256:5280ebc42641a1283b7b1f2c20e5b936692198b9dd9995527c18b794850be1a8",
                "sha256:576a8a7a57065dab968d9d18befa2594a7673dcdab78c9b1f34248410cc6118f",
                "sha256:5e334a23c8f7cb6079987a2ed9978821a42b4323a3a3bdbc132945348737f9a9",
                "sha256:5e34e4b5764af65551647f5cc67cf5198c1d05621781d5173b342e5e55bf023b",
                "sha256:63b120421ab85cad909792583f83b6ca3584610c2fe70751e23f606a3c2e87f0",
                "sha256:696b5e0109fe368d0057f484e2e91717b49a03f1e310f857f133a4acec9f91dd",
                "sha256:6cb528de694f503ea164541c151da6c18267727a7558e0c9716cc0383d89658a",
                "sha256:7306d851d5a0cfac9ea07f1177783836f4b37292e5f224a534a52111cb6a6451",
                "sha256:7e3e32346d991f1788026917d0a9c182d6d32dc757163eee7ca990f1f831499e",
                "sha256:870ed021a42b1b02b5fe4a739ea735f671a84128c0a666c705db2cb9abd528eb",
                "sha256:916da1c19e4012d06a372127d7140dae894806fad67ef44330e5600d77833581",
                "sha256:9303a289fa0811e1c6abd9ddebfc770556d7c3311cb2b32eff72164ddc49bc64",
                "sha256:9577888ecc0ad7d06c3746afaba339c94d62b59da16f7a5d1cff9e491f23dace",
                "sha256:987e1c94a33c93d9b209315bfda9faa54b8edfce6438a1e93ae866ba20de5956",
                "sha256:99a3bbdbb844f4fb5d6dd59fac836a40749781c1fa63c563bc216c27aef63f60",
                "sha256:99db8dc3097ceafbcff9cb2bff384b974795edeb11d167d391a02c7bfeeb6e16",
                "sha256:a379526415f54f9462bc65a4da76fb0acc05e3b2a21717dde79621cf4377e0e6",
                "sha256:a5a96cf49eb580756a44ecf12949e52f211e20bffbf5a95760ac14b1e499cd37",
                "sha256:a844b5d8120f99fb7cd276ff544ac5bd562b0c053760d59694e6bf747c6ca7f5",
                "sha256:a9284368e81a67a7f47d5ef1ef7e4f11a4f688485879f44cf5f9090bba1f9d94",
                "sha256:aa6ca3eb56704cdc0d876fc6047ffd5ee960caad52452fbee0f99908a141a0ae",
                "sha256:aade5e66795c94e4a2b2624affeea8979648d1b0ae3fcee17e74e2c647fc4a8a",
                "sha256:b78905860336c1d292409e3df6ad39cc1f1c7f0964e66844bbc2ebfca434d073",
                "sha256:b92f521cdc4e4a3041cc343625b699f20b0b5f976793fb45681aac1efda565f8",
                "sha256:bb2baf44e97811687893873eab8cf9f18b40321cc15d15ff9f91dc031e30631f",
                "sha256:bfde84bbd6ae5f782206d454b67b7ee8f7f818c29b99fd02bf022fd33bab14cb",
                "sha256:c2b62d3df80e694c0e4a0ed47754c9480521e25642251b3ab1dff050a4e60409",
                "sha256:c55d348c1c65896c1bd804527de4880d251ae832acf90d74ad525bb79e77d55c",
                "sha256:c5e2be6c263b64f6f7656e23e18a4a9980cffc671442795682e8c4e4f815dd9f",
                "sha256:c99aa3c63104e0818ec566f8ff3942fb7c7a8f35f9912cb63fd8e12318b214b2",
                "sha256:dae06620d3978da346375ebf88b9e2dd7d151335ba668c995aea9ed07af7add4",
                "sha256:db5499d0710823fa4fb88206050d46544e8f0e0136a9a5f5570b026584c8fd74",
                "sha256:dcd3cd17d291e01e47636101c4a6638ffb44c842d009973e3b5c1b67ff718c58",
                "sha256:f12df6b45abc18f27f6e21ce26f7cbf7aa19820911462e46536e22085658ca1e",
                "sha256:f36baafd82119c4a114b9518202f2a983819101dcc14b26e43fc12cbefdce00e",
                "sha256:f52b79c8796d81391ab295b04e520bda6feed54d54931708872e8f9ae9db0ea1",
                "sha256:fa2a50f762d06d84125db0b95d0121e9c640afa7edc23fc0848896760a390f8e",
                "sha256:fa49bb60792b542b95ca93a39041e7113843093ce3cfd216870118eb3798fcc9",
                "sha256:ff8cff01582fa1a7e533cb97f628531c4014af4b5f38e33cdcfe5eec29b6d888",
                "sha256:ffbccfe1c077b5f41738bd719518213c217be7a7a12a7e74113d05a0d6617390"
            ],
            "index": "pypi",
            "version": "==5.3.0"
        },
        "psutil": {
            "hashes": [
                "sha256:1c19957883e0b93d081d41687089ad630e370e26dc49fd9df6951d6c891c4736",
                "sha256:1c71b9716790e202a00ab0931a6d1e25db1aa1198bcacaea2f5329f75d257fff",
                "sha256:3b7a4daf4223dae171a67a89314ac5ca0738e94064a78d99cfd751c55d05f315",
                "sha256:3e19be3441134445347af3767fa7770137d472a484070840eee6653b94ac5576",
                "sha256:6e265c8f3da00b015d24b842bfeb111f856b13d24f2c57036582568dc650d6c3",
                "sha256:809c9cef0402e3e48b5a1dddc390a8a6ff58b15362ea5714494073fa46c3d293",
                "sha256:b4d1b735bf5b120813f4c89db8ac22d89162c558cbd7fdd298866125fe906219",
                "sha256:bbffac64cfd01c6bcf90eb1bedc6c80501c4dae8aef4ad6d6dd49f8f05f6fc5a",
                "sha256:bfcea4f189177b2d2ce4a34b03c4ac32c5b4c22e21f5b093d9d315e6e253cd81"
            ],
            "version": "==5.4.8"
        },
        "psycopg2": {
            "hashes": [
                "sha256:10e391687b171878181e71736d0effe3772314a339d9ae30995ec8171a0c834e",
                "sha256:1283f9d45e458c2dcb15ba89367923563f90ef636fe78ee22df75183484a0237",
                "sha256:1a9c32e4d140bea225f9821d993b2e53c913e717ea97b851246aa9b300095d8f",
                "sha256:1be6f2438d2b71fec7b07c3c0949dd321b04349c382907ea76b36120edec8300",
                "sha256:20ca6f29e118b8dd7133e8708b3fba2881e70a4e0841f874ed23985b7201a076",
                "sha256:227c115b3c1f65d61385e51ac690b91b584640aefb45bffacd4bd33d02ed7221",
                "sha256:27959abe64ca1fc6d8cd11a71a1f421d8287831a3262bd4cacd43bbf43cc3c82",
                "sha256:2b2daf1fe30a58300542aea679fd87d1e1c2afd36e7644837b7954fa2dbacb92",
                "sha256:36e51a51f295fdf67bcf05e7b1877011a6b39e6622b0013fe31c5025241873a3",
                "sha256:3992b9b914f2eb77dc07e8045d2ca979e491612808bc5c7cd68f307469acf9f6",
                "sha256:39a11de2335ad45ececed43ab851d36a4c52843d756471b940804f301792781e",
                "sha256:3c2afe9ef0d1649005e3ccf93c1aaccd6f8ee379530e763d3b3b77f406b7c0ae",
                "sha256:3fb18e0e52807fe3a300dc1b5421aa492d5e759550918f597d61863419482535",
                "sha256:55eab94de96ee9702f23283e9c8b03cfdb0001e2b14d5d2e1bd5ff8114b96b9f",
                "sha256:7e95c0ab7e7e6e452586f35d4d8966b1e924c8dd2c23977e3ea4968770ff1d26",
                "sha256:7f47514dbddf604f196fcfe5da955537f04691bef8124aff5632316a78d992b7",
                "sha256:8345370356bb4bddf93acbcfd0357163dd6b09471937adcfb38a2fbb49bdce53",
                "sha256:8bc6ecb220c0b88d3742042013129c817c44459795c97e9ce1bca70a3f37a53b",
                "sha256:8df623f248be15d1725faf5f333791678775047f12f17a90d29b5d22573f5cdc",
                "sha256:9645f1305e4268cc0fc88c823cd6c91de27c003e183c233a6a230e5e963039ee",
                "sha256:a68719ed5be8373dd72c9e45d55f7a202285e05a2e392eaa8872a67ea47d7d20",
                "sha256:aca0edf062ec09e954fdf0cc93d3a872362701210983a1442549e703aedec25d",
                "sha256:b0dd2114d93d8f424bb8ae76e0dc540f104b70ca9163172c05e7700b1459d4c9",
                "sha256:b2c09359d6802279efb9efb3f91a9c94567151baee95175f9b637ea628f35244",
                "sha256:ca7bc37b1efb7cc25271bf10f398462ed975d95259af1406d38fcb268466e34f",
                "sha256:e64235d9013ebf6319cb9654e08f5066112c34d8c4cc41186254ab9c3d6d5b9b",
                "sha256:ec9be679c0065667503851141c31fa699e1cc69ded3ba8e5d3673dd5a6eb1370",
                "sha256:eca00d0f91fcb44d88b12f1fd16ad138e38fa07debb79587e2b7ff1fe80d72b9",
                "sha256:f256e807b8b2b45b6af60d7f2bb5194aab2f4acc861241c4d8ef942a55f5030d",
                "sha256:fce7612a3bd6a7ba95799f88285653bf130bd7ca066b52674d5f850108b2aec0"
            ],
            "index": "pypi",
            "version": "==2.7.6.1"
        },
        "psycopg2-binary": {
            "hashes": [
                "sha256:036bcb198a7cc4ce0fe43344f8c2c9a8155aefa411633f426c8c6ed58a6c0426",
                "sha256:1d770fcc02cdf628aebac7404d56b28a7e9ebec8cfc0e63260bd54d6edfa16d4",
                "sha256:1fdc6f369dcf229de6c873522d54336af598b9470ccd5300e2f58ee506f5ca13",
                "sha256:21f9ddc0ff6e07f7d7b6b484eb9da2c03bc9931dd13e36796b111d631f7135a3",
                "sha256:247873cda726f7956f745a3e03158b00de79c4abea8776dc2f611d5ba368d72d",
                "sha256:3aa31c42f29f1da6f4fd41433ad15052d5ff045f2214002e027a321f79d64e2c",
                "sha256:475f694f87dbc619010b26de7d0fc575a4accf503f2200885cc21f526bffe2ad",
                "sha256:4b5e332a24bf6e2fda1f51ca2a57ae1083352293a08eeea1fa1112dc7dd542d1",
                "sha256:570d521660574aca40be7b4d532dfb6f156aad7b16b5ed62d1534f64f1ef72d8",
                "sha256:59072de7def0690dd13112d2bdb453e20570a97297070f876fbbb7cbc1c26b05",
                "sha256:5f0b658989e918ef187f8a08db0420528126f2c7da182a7b9f8bf7f85144d4e4",
                "sha256:649199c84a966917d86cdc2046e03d536763576c0b2a756059ae0b3a9656bc20",
                "sha256:6645fc9b4705ae8fbf1ef7674f416f89ae1559deec810f6dd15197dfa52893da",
                "sha256:6872dd54d4e398d781efe8fe2e2d7eafe4450d61b5c4898aced7610109a6df75",
                "sha256:6ce34fbc251fc0d691c8d131250ba6f42fd2b28ef28558d528ba8c558cb28804",
                "sha256:73920d167a0a4d1006f5f3b9a3efce6f0e5e883a99599d38206d43f27697df00",
                "sha256:8a671732b87ae423e34b51139628123bc0306c2cb85c226e71b28d3d57d7e42a",
                "sha256:8d517e8fda2efebca27c2018e14c90ed7dc3f04d7098b3da2912e62a1a5585fe",
                "sha256:9475a008eb7279e20d400c76471843c321b46acacc7ee3de0b47233a1e3fa2cf",
                "sha256:96947b8cd7b3148fb0e6549fcb31258a736595d6f2a599f8cd450e9a80a14781",
                "sha256:abf229f24daa93f67ac53e2e17c8798a71a01711eb9fcdd029abba8637164338",
                "sha256:b1ab012f276df584beb74f81acb63905762c25803ece647016613c3d6ad4e432",
                "sha256:b22b33f6f0071fe57cb4e9158f353c88d41e739a3ec0d76f7b704539e7076427",
                "sha256:b3b2d53274858e50ad2ffdd6d97ce1d014e1e530f82ec8b307edd5d4c921badf",
                "sha256:bab26a729befc7b9fab9ded1bba9c51b785188b79f8a2796ba03e7e734269e2e",
                "sha256:daa1a593629aa49f506eddc9d23dc7f89b35693b90e1fbcd4480182d1203ea90",
                "sha256:dd111280ce40e89fd17b19c1269fd1b74a30fce9d44a550840e86edb33924eb8",
                "sha256:e0b86084f1e2e78c451994410de756deba206884d6bed68d5a3d7f39ff5fea1d",
                "sha256:eb86520753560a7e89639500e2a254bb6f683342af598088cb72c73edcad21e6",
                "sha256:ff18c5c40a38d41811c23e2480615425c97ea81fd7e9118b8b899c512d97c737"
            ],
            "index": "pypi",
            "version": "==2.7.6.1"
        },
        "puput": {
            "hashes": [
                "sha256:281eb6987a7abe89fa87f1cc70c3f6dc92bb2867f573f8dc80767c0214b29ef6"
            ],
            "index": "pypi",
            "version": "==0.9.2"
        },
        "pytz": {
            "hashes": [
                "sha256:31cb35c89bd7d333cd32c5f278fca91b523b0834369e757f4c5641ea252236ca",
                "sha256:8e0f8568c118d3077b46be7d654cc8167fa916092e28320cde048e54bfc9f1e6"
            ],
            "version": "==2018.7"
        },
        "pyyaml": {
            "hashes": [
                "sha256:3d7da3009c0f3e783b2c873687652d83b1bbfd5c88e9813fb7e5b03c0dd3108b",
                "sha256:3ef3092145e9b70e3ddd2c7ad59bdd0252a94dfe3949721633e41344de00a6bf",
                "sha256:40c71b8e076d0550b2e6380bada1f1cd1017b882f7e16f09a65be98e017f211a",
                "sha256:558dd60b890ba8fd982e05941927a3911dc409a63dcb8b634feaa0cda69330d3",
                "sha256:a7c28b45d9f99102fa092bb213aa12e0aaf9a6a1f5e395d36166639c1f96c3a1",
                "sha256:aa7dd4a6a427aed7df6fb7f08a580d68d9b118d90310374716ae90b710280af1",
                "sha256:bc558586e6045763782014934bfaf39d48b8ae85a2713117d16c39864085c613",
                "sha256:d46d7982b62e0729ad0175a9bc7e10a566fc07b224d2c79fafb5e032727eaa04",
                "sha256:d5eef459e30b09f5a098b9cea68bebfeb268697f78d647bd255a085371ac7f3f",
                "sha256:e01d3203230e1786cd91ccfdc8f8454c8069c91bee3962ad93b87a4b2860f537",
                "sha256:e170a9e6fcfd19021dd29845af83bb79236068bf5fd4df3327c1be18182b2531"
            ],
            "version": "==3.13"
        },
        "rcssmin": {
            "hashes": [
                "sha256:ca87b695d3d7864157773a61263e5abb96006e9ff0e021eff90cbe0e1ba18270"
            ],
            "version": "==1.0.6"
        },
        "redis": {
            "hashes": [
                "sha256:8a1900a9f2a0a44ecf6e8b5eb3e967a9909dfed219ad66df094f27f7d6f330fb",
                "sha256:a22ca993cea2962dbb588f9f30d0015ac4afcc45bee27d3978c0dbe9e97c6c0f"
            ],
            "version": "==2.10.6"
        },
        "requests": {
            "hashes": [
                "sha256:65b3a120e4329e33c9889db89c80976c5272f56ea92d3e74da8a463992e3ff54",
                "sha256:ea881206e59f41dbd0bd445437d792e43906703fff75ca8ff43ccdb11f33f263"
            ],
            "version": "==2.20.1"
        },
        "rjsmin": {
            "hashes": [
                "sha256:dd9591aa73500b08b7db24367f8d32c6470021f39d5ab4e50c7c02e4401386f1"
            ],
            "version": "==1.0.12"
        },
        "schema": {
            "hashes": [
                "sha256:d994b0dc4966000037b26898df638e3e2a694cc73636cb2050e652614a350687",
                "sha256:fa1a53fe5f3b6929725a4e81688c250f46838e25d8c1885a10a590c8c01a7b74"
            ],
            "version": "==0.6.8"
        },
        "six": {
            "hashes": [
                "sha256:70e8a77beed4562e7f14fe23a786b54f6296e34344c23bc42f07b15018ff98e9",
                "sha256:832dc0e10feb1aa2c68dcc57dbb658f1c7e65b9b61af69048abc87a2db00a0eb"
            ],
            "version": "==1.11.0"
        },
        "sqlalchemy": {
            "hashes": [
                "sha256:9de7c7dabcf06319becdb7e15099c44e5e34ba7062f9ba10bc00e562f5db3d04"
            ],
            "version": "==1.2.14"
        },
        "sqlalchemy-utils": {
            "hashes": [
                "sha256:45ab41c90bfb8dd676e83179be3088b3f2d64b613e3b590187163dd941c22d4c"
            ],
            "version": "==0.33.6"
        },
        "stellar": {
            "hashes": [
                "sha256:8edd4d19900d47d7e17f1f51dedf7a3cf1e1283d2e52c084b3f69b761f3ae5ce"
            ],
            "index": "pypi",
            "version": "==0.4.5"
        },
        "unidecode": {
            "hashes": [
                "sha256:72f49d3729f3d8f5799f710b97c1451c5163102e76d64d20e170aedbbd923582",
                "sha256:8c33dd588e0c9bc22a76eaa0c715a5434851f726131bd44a6c26471746efabf5"
            ],
            "version": "==1.0.22"
        },
        "urllib3": {
            "hashes": [
                "sha256:61bf29cada3fc2fbefad4fdf059ea4bd1b4a86d2b6d15e1c7c0b582b9752fe39",
                "sha256:de9529817c93f27c8ccbfead6985011db27bd0ddfcdb2d86f3f663385c6a9c22"
            ],
            "version": "==1.24.1"
        },
        "wagtail": {
            "hashes": [
                "sha256:01f7b5b0206e534cee1cea62c1ce36caa7ca9e2cd909aa67a7237f83ceb1eb19",
                "sha256:a4010ab2a5bd8b48b8093e74bed9671812e92cb68832266452e6ad2e2012383d"
            ],
            "index": "pypi",
            "version": "==1.13.4"
        },
        "webencodings": {
            "hashes": [
                "sha256:a0af1213f3c2226497a97e2b3aa01a7e4bee4f403f95be16fc9acd2947514a78",
                "sha256:b36a1c245f2d304965eb4e0a82848379241dc04b865afcc4aab16748587e1923"
            ],
            "version": "==0.5.1"
        },
        "whitenoise": {
            "hashes": [
                "sha256:133a92ff0ab8fb9509f77d4f7d0de493eca19c6fea973f4195d4184f888f2e02",
                "sha256:32b57d193478908a48acb66bf73e7a3c18679263e3e64bfebcfac1144a430039"
            ],
            "index": "pypi",
            "version": "==4.1"
        },
        "willow": {
            "hashes": [
                "sha256:0a2e1665a24cded9d74b3d2254fb17e63bdde922d231610cdf0ced880a241845",
                "sha256:dba768a03591973254b5a0242d11ebae00f1cb971e6f3a2ee592ff8e230b6090"
            ],
            "version": "==1.0"
        }
    },
    "develop": {}
}
